<?xml version="1.0" encoding="utf-8"?>
<Project ToolsVersion="4.0" xmlns="http://schemas.microsoft.com/developer/msbuild/2003">
  <ItemGroup>
    <ClCompile Include="Core\Logger\SpdLog\SpdLogLoggerAdapter.cpp" />
    <ClCompile Include="Core\Renderer\Opengl\OpenglConstantFactory.cpp" />
    <ClCompile Include="Core\Renderer\Opengl\OpenglCubeMap.cpp" />
    <ClCompile Include="Core\Renderer\Opengl\OpenglFrameBuffer.cpp" />
    <ClCompile Include="Core\Renderer\Opengl\OpenglFrameBufferManager.cpp" />
    <ClCompile Include="Core\Renderer\Opengl\OpenglIndexBuffer.cpp" />
    <ClCompile Include="Core\Renderer\Opengl\OpenglRenderer.cpp" />
    <ClCompile Include="Core\Renderer\Opengl\OpenglRendererCommand.cpp" />
    <ClCompile Include="Core\Renderer\Opengl\OpenglResourceManager.cpp" />
    <ClCompile Include="Core\Renderer\Opengl\OpenglTexture.cpp" />
    <ClCompile Include="Core\Renderer\Opengl\OpenglUniformBuffer.cpp" />
    <ClCompile Include="Core\Renderer\Opengl\OpenglVertexBuffer.cpp" />
    <ClCompile Include="Core\Window\GLFW\GLFWWindow.cpp" />
    <ClCompile Include="Library\Glad\src\glad.c" />
    <ClCompile Include="src\AsciiReader.cpp" />
    <ClCompile Include="src\FormatChecker.cpp" />
    <ClCompile Include="main.cpp" />
    <ClCompile Include="Core\Renderer\Opengl\OpenglShader.cpp" />
  </ItemGroup>
  <ItemGroup>
    <ClInclude Include="Core\Logger\Logger.hpp" />
    <ClInclude Include="Core\Logger\SpdLog\SpdLogLoggerAdapter.hpp" />
    <ClInclude Include="Core\Renderer\IRenderer.hpp" />
    <ClInclude Include="Core\Renderer\IRendererCommand.hpp" />
    <ClInclude Include="Core\Renderer\Opengl\OpenglConstantFactory.hpp" />
    <ClInclude Include="Core\Renderer\Opengl\OpenglCubeMap.hpp" />
    <ClInclude Include="Core\Renderer\Opengl\OpenglFrameBuffer.hpp" />
    <ClInclude Include="Core\Renderer\Opengl\OpenglFrameBufferManager.hpp" />
    <ClInclude Include="Core\Renderer\Opengl\OpenglIndexBuffer.hpp" />
    <ClInclude Include="Core\Renderer\Opengl\OpenglRenderer.hpp" />
    <ClInclude Include="Core\Renderer\Opengl\OpenglRendererCommand.hpp" />
    <ClInclude Include="Core\Renderer\Opengl\OpenglResourceManager.hpp" />
    <ClInclude Include="Core\Renderer\Opengl\OpenglShader.hpp" />
    <ClInclude Include="Core\Renderer\Opengl\OpenglTexture.hpp" />
    <ClInclude Include="Core\Renderer\Opengl\OpenglVertexBuffer.hpp" />
    <ClInclude Include="Core\Renderer\RendererPrimitives.hpp" />
    <ClInclude Include="Core\Renderer\Resource\ICubeMap.hpp" />
    <ClInclude Include="Core\Renderer\Resource\IFrameBuffer.hpp" />
    <ClInclude Include="Core\Renderer\Resource\IFrameBufferManager.hpp" />
    <ClInclude Include="Core\Renderer\Resource\IIndexBuffer.hpp" />
    <ClInclude Include="Core\Renderer\Resource\IShader.hpp" />
    <ClInclude Include="Core\Renderer\Resource\ITexture.hpp" />
    <ClInclude Include="Core\Renderer\Resource\IUniformBuffer.hpp" />
    <ClInclude Include="Core\Renderer\Resource\IVertexBuffer.hpp" />
    <ClInclude Include="Core\Renderer\Resource\IResouceManager.hpp" />
    <ClInclude Include="Core\Window\GLFW\GLFWWindow.hpp" />
    <ClInclude Include="Core\Window\IWindow.hpp" />
    <ClInclude Include="src\OBJ\ObjParser.h" />
    <ClInclude Include="src\AsciiReader.h" />
    <ClInclude Include="src\FormatChecker.h" />
    <ClInclude Include="src\OBJ\Vect4.h" />
    <ClInclude Include="Core\Renderer\Opengl\OpenglUniformBuffer.hpp" />
  </ItemGroup>
</Project>